
Microsoft Visual Studio Solution File, Format Version 12.00
# Visual Studio Version 17
VisualStudioVersion = 17.5.33530.505
MinimumVisualStudioVersion = 10.0.40219.1
Project("{9A19103F-16F7-4668-BE54-9A1E7A4F7556}") = "ContactManager", "ContactManager\ContactManager.csproj", "{FD9DE2D7-3730-4A74-BCBB-B43554CCAD68}"
EndProject
Global
	GlobalSection(SolutionConfigurationPlatforms) = preSolution
		Debug|Any CPU = Debug|Any CPU
		Release|Any CPU = Release|Any CPU
	EndGlobalSection
	GlobalSection(ProjectConfigurationPlatforms) = postSolution
		{FD9DE2D7-3730-4A74-BCBB-B43554CCAD68}.Debug|Any CPU.ActiveCfg = Debug|Any CPU
		{FD9DE2D7-3730-4A74-BCBB-B43554CCAD68}.Debug|Any CPU.Build.0 = Debug|Any CPU
		{FD9DE2D7-3730-4A74-BCBB-B43554CCAD68}.Release|Any CPU.ActiveCfg = Release|Any CPU
		{FD9DE2D7-3730-4A74-BCBB-B43554CCAD68}.Release|Any CPU.Build.0 = Release|Any CPU
	EndGlobalSection
	GlobalSection(SolutionProperties) = preSolution
		HideSolutionNode = FALSE
	EndGlobalSection
	GlobalSection(ExtensibilityGlobals) = postSolution
		SolutionGuid = {94B73457-4FE9-4513-A824-F917AE0C831F}
	EndGlobalSection
EndGlobal
